// !$*UTF8*$!
{
	archiveVersion = 1;
	classes = {
	};
	objectVersion = 51;
	objects = {

/* Begin PBXBuildFile section */
		5442EC92D95DE6BF6C843901 /* Pods_Yoose_YooseUITests.framework in Frameworks */ = {isa = PBXBuildFile; fileRef = DDB90B1B2AF00EC94634D104 /* Pods_Yoose_YooseUITests.framework */; };
		94DA25A2E1CB582E9F3902C6 /* Pods_YooseTests.framework in Frameworks */ = {isa = PBXBuildFile; fileRef = 3387EB429CE366276F7A890A /* Pods_YooseTests.framework */; };
		B84B1E174BD7FB1DC2C3F6B2 /* Pods_Yoose.framework in Frameworks */ = {isa = PBXBuildFile; fileRef = BCE61144E871A2FFB88C06F7 /* Pods_Yoose.framework */; };
		E60D89D624152E5E00ACA654 /* AppDelegate.swift in Sources */ = {isa = PBXBuildFile; fileRef = E60D89D524152E5E00ACA654 /* AppDelegate.swift */; };
		E60D89D824152E5E00ACA654 /* SceneDelegate.swift in Sources */ = {isa = PBXBuildFile; fileRef = E60D89D724152E5E00ACA654 /* SceneDelegate.swift */; };
		E60D89DA24152E5E00ACA654 /* ViewController.swift in Sources */ = {isa = PBXBuildFile; fileRef = E60D89D924152E5E00ACA654 /* ViewController.swift */; };
		E60D89E024152E5E00ACA654 /* Yoose.xcdatamodeld in Sources */ = {isa = PBXBuildFile; fileRef = E60D89DE24152E5E00ACA654 /* Yoose.xcdatamodeld */; };
		E60D89E224152E6300ACA654 /* Assets.xcassets in Resources */ = {isa = PBXBuildFile; fileRef = E60D89E124152E6300ACA654 /* Assets.xcassets */; };
		E60D89E524152E6300ACA654 /* LaunchScreen.storyboard in Resources */ = {isa = PBXBuildFile; fileRef = E60D89E324152E6300ACA654 /* LaunchScreen.storyboard */; };
		E60D89F024152E6300ACA654 /* YooseTests.swift in Sources */ = {isa = PBXBuildFile; fileRef = E60D89EF24152E6300ACA654 /* YooseTests.swift */; };
		E60D89FB24152E6300ACA654 /* YooseUITests.swift in Sources */ = {isa = PBXBuildFile; fileRef = E60D89FA24152E6300ACA654 /* YooseUITests.swift */; };
		E60D8A0924152F7400ACA654 /* CountriesList.swift in Sources */ = {isa = PBXBuildFile; fileRef = E60D8A0824152F7400ACA654 /* CountriesList.swift */; };
		E60D8A0B2415381600ACA654 /* FeedViewController.swift in Sources */ = {isa = PBXBuildFile; fileRef = E60D8A0A2415381600ACA654 /* FeedViewController.swift */; };
		E60D8A0D2415382800ACA654 /* CountriesViewController.swift in Sources */ = {isa = PBXBuildFile; fileRef = E60D8A0C2415382800ACA654 /* CountriesViewController.swift */; };
		E60D8A0F241538F800ACA654 /* feedTableViewCell.swift in Sources */ = {isa = PBXBuildFile; fileRef = E60D8A0E241538F800ACA654 /* feedTableViewCell.swift */; };
		E60D8A1124153A7000ACA654 /* Main.storyboard in Resources */ = {isa = PBXBuildFile; fileRef = E60D8A1024153A7000ACA654 /* Main.storyboard */; };
		E60D8A1224153A7000ACA654 /* Main.storyboard in Resources */ = {isa = PBXBuildFile; fileRef = E60D8A1024153A7000ACA654 /* Main.storyboard */; };
		E60D8A1324153A7000ACA654 /* Main.storyboard in Resources */ = {isa = PBXBuildFile; fileRef = E60D8A1024153A7000ACA654 /* Main.storyboard */; };
		E63A94D6241544EE0089B404 /* CountriesTableViewCell.swift in Sources */ = {isa = PBXBuildFile; fileRef = E63A94D5241544EE0089B404 /* CountriesTableViewCell.swift */; };
		E63A94D824163DB60089B404 /* GoogleService-Info.plist in Resources */ = {isa = PBXBuildFile; fileRef = E63A94D724163DB60089B404 /* GoogleService-Info.plist */; };
		E63A94D924163DB60089B404 /* GoogleService-Info.plist in Resources */ = {isa = PBXBuildFile; fileRef = E63A94D724163DB60089B404 /* GoogleService-Info.plist */; };
		E63A94DA24163DB60089B404 /* GoogleService-Info.plist in Resources */ = {isa = PBXBuildFile; fileRef = E63A94D724163DB60089B404 /* GoogleService-Info.plist */; };
		E64D2609241647FF000A0E9E /* WritePostviewViewController.swift in Sources */ = {isa = PBXBuildFile; fileRef = E64D2608241647FF000A0E9E /* WritePostviewViewController.swift */; };
		E64D260A241647FF000A0E9E /* WritePostviewViewController.swift in Sources */ = {isa = PBXBuildFile; fileRef = E64D2608241647FF000A0E9E /* WritePostviewViewController.swift */; };
		E64D260B241647FF000A0E9E /* WritePostviewViewController.swift in Sources */ = {isa = PBXBuildFile; fileRef = E64D2608241647FF000A0E9E /* WritePostviewViewController.swift */; };
		E64D261024166D59000A0E9E /* Utilities.swift in Sources */ = {isa = PBXBuildFile; fileRef = E64D260C24166D55000A0E9E /* Utilities.swift */; };
		E64D261124166D59000A0E9E /* Utilities.swift in Sources */ = {isa = PBXBuildFile; fileRef = E64D260C24166D55000A0E9E /* Utilities.swift */; };
		E64D261224166D59000A0E9E /* Utilities.swift in Sources */ = {isa = PBXBuildFile; fileRef = E64D260C24166D55000A0E9E /* Utilities.swift */; };
		E64D261924166D59000A0E9E /* HomeViewController.swift in Sources */ = {isa = PBXBuildFile; fileRef = E64D260F24166D58000A0E9E /* HomeViewController.swift */; };
		E64D261A24166D59000A0E9E /* HomeViewController.swift in Sources */ = {isa = PBXBuildFile; fileRef = E64D260F24166D58000A0E9E /* HomeViewController.swift */; };
		E64D261B24166D59000A0E9E /* HomeViewController.swift in Sources */ = {isa = PBXBuildFile; fileRef = E64D260F24166D58000A0E9E /* HomeViewController.swift */; };
		E67000F124191D6F008639C1 /* TabBarViewControllerr.swift in Sources */ = {isa = PBXBuildFile; fileRef = E67000F024191D6F008639C1 /* TabBarViewControllerr.swift */; };
		E67000F224191D6F008639C1 /* TabBarViewControllerr.swift in Sources */ = {isa = PBXBuildFile; fileRef = E67000F024191D6F008639C1 /* TabBarViewControllerr.swift */; };
		E67000F324191D6F008639C1 /* TabBarViewControllerr.swift in Sources */ = {isa = PBXBuildFile; fileRef = E67000F024191D6F008639C1 /* TabBarViewControllerr.swift */; };
		E67000F5241A67B1008639C1 /* UpdateProfileViewController.swift in Sources */ = {isa = PBXBuildFile; fileRef = E67000F4241A67B1008639C1 /* UpdateProfileViewController.swift */; };
		E67000F6241A67B1008639C1 /* UpdateProfileViewController.swift in Sources */ = {isa = PBXBuildFile; fileRef = E67000F4241A67B1008639C1 /* UpdateProfileViewController.swift */; };
		E67000F7241A67B1008639C1 /* UpdateProfileViewController.swift in Sources */ = {isa = PBXBuildFile; fileRef = E67000F4241A67B1008639C1 /* UpdateProfileViewController.swift */; };
		E67000F9241B97AA008639C1 /* PostStruct.swift in Sources */ = {isa = PBXBuildFile; fileRef = E67000F8241B97AA008639C1 /* PostStruct.swift */; };
		E6FAA44F24167AB200AB71EA /* SignUppViewController.swift in Sources */ = {isa = PBXBuildFile; fileRef = E6FAA44E24167AB200AB71EA /* SignUppViewController.swift */; };
		E6FAA45124167ACD00AB71EA /* SignInnViewController.swift in Sources */ = {isa = PBXBuildFile; fileRef = E6FAA45024167ACD00AB71EA /* SignInnViewController.swift */; };
		E6FAA4552416863500AB71EA /* ProfileViewController.swift in Sources */ = {isa = PBXBuildFile; fileRef = E6FAA4542416863500AB71EA /* ProfileViewController.swift */; };
		E6FAA45724178C1D00AB71EA /* NavgationViewController.swift in Sources */ = {isa = PBXBuildFile; fileRef = E6FAA45624178C1D00AB71EA /* NavgationViewController.swift */; };
		E6FAA45824178C1D00AB71EA /* NavgationViewController.swift in Sources */ = {isa = PBXBuildFile; fileRef = E6FAA45624178C1D00AB71EA /* NavgationViewController.swift */; };
		E6FAA45924178C1D00AB71EA /* NavgationViewController.swift in Sources */ = {isa = PBXBuildFile; fileRef = E6FAA45624178C1D00AB71EA /* NavgationViewController.swift */; };
/* End PBXBuildFile section */

/* Begin PBXContainerItemProxy section */
		E60D89EC24152E6300ACA654 /* PBXContainerItemProxy */ = {
			isa = PBXContainerItemProxy;
			containerPortal = E60D89CA24152E5E00ACA654 /* Project object */;
			proxyType = 1;
			remoteGlobalIDString = E60D89D124152E5E00ACA654;
			remoteInfo = Yoose;
		};
		E60D89F724152E6300ACA654 /* PBXContainerItemProxy */ = {
			isa = PBXContainerItemProxy;
			containerPortal = E60D89CA24152E5E00ACA654 /* Project object */;
			proxyType = 1;
			remoteGlobalIDString = E60D89D124152E5E00ACA654;
			remoteInfo = Yoose;
		};
/* End PBXContainerItemProxy section */

/* Begin PBXFileReference section */
		3387EB429CE366276F7A890A /* Pods_YooseTests.framework */ = {isa = PBXFileReference; explicitFileType = wrapper.framework; includeInIndex = 0; path = Pods_YooseTests.framework; sourceTree = BUILT_PRODUCTS_DIR; };
		4E36CFF4B8406A0EEFB0FF1D /* Pods-YooseTests.release.xcconfig */ = {isa = PBXFileReference; includeInIndex = 1; lastKnownFileType = text.xcconfig; name = "Pods-YooseTests.release.xcconfig"; path = "Target Support Files/Pods-YooseTests/Pods-YooseTests.release.xcconfig"; sourceTree = "<group>"; };
		72ACF93EFB45A7A432160C47 /* Pods-Yoose-YooseUITests.debug.xcconfig */ = {isa = PBXFileReference; includeInIndex = 1; lastKnownFileType = text.xcconfig; name = "Pods-Yoose-YooseUITests.debug.xcconfig"; path = "Target Support Files/Pods-Yoose-YooseUITests/Pods-Yoose-YooseUITests.debug.xcconfig"; sourceTree = "<group>"; };
		97A32788F017615AF46F02F9 /* Pods-Yoose.release.xcconfig */ = {isa = PBXFileReference; includeInIndex = 1; lastKnownFileType = text.xcconfig; name = "Pods-Yoose.release.xcconfig"; path = "Target Support Files/Pods-Yoose/Pods-Yoose.release.xcconfig"; sourceTree = "<group>"; };
		A456E26930D116B0202D6978 /* Pods-Yoose.debug.xcconfig */ = {isa = PBXFileReference; includeInIndex = 1; lastKnownFileType = text.xcconfig; name = "Pods-Yoose.debug.xcconfig"; path = "Target Support Files/Pods-Yoose/Pods-Yoose.debug.xcconfig"; sourceTree = "<group>"; };
		B36AEE8C1AAAB858A8235D94 /* Pods-Yoose-YooseUITests.release.xcconfig */ = {isa = PBXFileReference; includeInIndex = 1; lastKnownFileType = text.xcconfig; name = "Pods-Yoose-YooseUITests.release.xcconfig"; path = "Target Support Files/Pods-Yoose-YooseUITests/Pods-Yoose-YooseUITests.release.xcconfig"; sourceTree = "<group>"; };
		BCE61144E871A2FFB88C06F7 /* Pods_Yoose.framework */ = {isa = PBXFileReference; explicitFileType = wrapper.framework; includeInIndex = 0; path = Pods_Yoose.framework; sourceTree = BUILT_PRODUCTS_DIR; };
		C1D1B64F61199FA90A7B8B3D /* Pods-YooseTests.debug.xcconfig */ = {isa = PBXFileReference; includeInIndex = 1; lastKnownFileType = text.xcconfig; name = "Pods-YooseTests.debug.xcconfig"; path = "Target Support Files/Pods-YooseTests/Pods-YooseTests.debug.xcconfig"; sourceTree = "<group>"; };
		DDB90B1B2AF00EC94634D104 /* Pods_Yoose_YooseUITests.framework */ = {isa = PBXFileReference; explicitFileType = wrapper.framework; includeInIndex = 0; path = Pods_Yoose_YooseUITests.framework; sourceTree = BUILT_PRODUCTS_DIR; };
		E60D89D224152E5E00ACA654 /* Yoose.app */ = {isa = PBXFileReference; explicitFileType = wrapper.application; includeInIndex = 0; path = Yoose.app; sourceTree = BUILT_PRODUCTS_DIR; };
		E60D89D524152E5E00ACA654 /* AppDelegate.swift */ = {isa = PBXFileReference; lastKnownFileType = sourcecode.swift; path = AppDelegate.swift; sourceTree = "<group>"; };
		E60D89D724152E5E00ACA654 /* SceneDelegate.swift */ = {isa = PBXFileReference; lastKnownFileType = sourcecode.swift; path = SceneDelegate.swift; sourceTree = "<group>"; };
		E60D89D924152E5E00ACA654 /* ViewController.swift */ = {isa = PBXFileReference; lastKnownFileType = sourcecode.swift; path = ViewController.swift; sourceTree = "<group>"; };
		E60D89DF24152E5E00ACA654 /* Yoose.xcdatamodel */ = {isa = PBXFileReference; lastKnownFileType = wrapper.xcdatamodel; path = Yoose.xcdatamodel; sourceTree = "<group>"; };
		E60D89E124152E6300ACA654 /* Assets.xcassets */ = {isa = PBXFileReference; lastKnownFileType = folder.assetcatalog; path = Assets.xcassets; sourceTree = "<group>"; };
		E60D89E424152E6300ACA654 /* Base */ = {isa = PBXFileReference; lastKnownFileType = file.storyboard; name = Base; path = Base.lproj/LaunchScreen.storyboard; sourceTree = "<group>"; };
		E60D89E624152E6300ACA654 /* Info.plist */ = {isa = PBXFileReference; lastKnownFileType = text.plist.xml; path = Info.plist; sourceTree = "<group>"; };
		E60D89EB24152E6300ACA654 /* YooseTests.xctest */ = {isa = PBXFileReference; explicitFileType = wrapper.cfbundle; includeInIndex = 0; path = YooseTests.xctest; sourceTree = BUILT_PRODUCTS_DIR; };
		E60D89EF24152E6300ACA654 /* YooseTests.swift */ = {isa = PBXFileReference; lastKnownFileType = sourcecode.swift; path = YooseTests.swift; sourceTree = "<group>"; };
		E60D89F124152E6300ACA654 /* Info.plist */ = {isa = PBXFileReference; lastKnownFileType = text.plist.xml; path = Info.plist; sourceTree = "<group>"; };
		E60D89F624152E6300ACA654 /* YooseUITests.xctest */ = {isa = PBXFileReference; explicitFileType = wrapper.cfbundle; includeInIndex = 0; path = YooseUITests.xctest; sourceTree = BUILT_PRODUCTS_DIR; };
		E60D89FA24152E6300ACA654 /* YooseUITests.swift */ = {isa = PBXFileReference; lastKnownFileType = sourcecode.swift; path = YooseUITests.swift; sourceTree = "<group>"; };
		E60D89FC24152E6300ACA654 /* Info.plist */ = {isa = PBXFileReference; lastKnownFileType = text.plist.xml; path = Info.plist; sourceTree = "<group>"; };
		E60D8A0824152F7400ACA654 /* CountriesList.swift */ = {isa = PBXFileReference; lastKnownFileType = sourcecode.swift; path = CountriesList.swift; sourceTree = "<group>"; };
		E60D8A0A2415381600ACA654 /* FeedViewController.swift */ = {isa = PBXFileReference; lastKnownFileType = sourcecode.swift; path = FeedViewController.swift; sourceTree = "<group>"; };
		E60D8A0C2415382800ACA654 /* CountriesViewController.swift */ = {isa = PBXFileReference; lastKnownFileType = sourcecode.swift; path = CountriesViewController.swift; sourceTree = "<group>"; };
		E60D8A0E241538F800ACA654 /* feedTableViewCell.swift */ = {isa = PBXFileReference; lastKnownFileType = sourcecode.swift; path = feedTableViewCell.swift; sourceTree = "<group>"; };
		E60D8A1024153A7000ACA654 /* Main.storyboard */ = {isa = PBXFileReference; fileEncoding = 4; lastKnownFileType = file.storyboard; path = Main.storyboard; sourceTree = "<group>"; };
		E63A94D5241544EE0089B404 /* CountriesTableViewCell.swift */ = {isa = PBXFileReference; lastKnownFileType = sourcecode.swift; path = CountriesTableViewCell.swift; sourceTree = "<group>"; };
		E63A94D724163DB60089B404 /* GoogleService-Info.plist */ = {isa = PBXFileReference; fileEncoding = 4; lastKnownFileType = text.plist.xml; path = "GoogleService-Info.plist"; sourceTree = "<group>"; };
		E64D2608241647FF000A0E9E /* WritePostviewViewController.swift */ = {isa = PBXFileReference; fileEncoding = 4; lastKnownFileType = sourcecode.swift; path = WritePostviewViewController.swift; sourceTree = "<group>"; };
		E64D260C24166D55000A0E9E /* Utilities.swift */ = {isa = PBXFileReference; fileEncoding = 4; lastKnownFileType = sourcecode.swift; path = Utilities.swift; sourceTree = "<group>"; };
		E64D260F24166D58000A0E9E /* HomeViewController.swift */ = {isa = PBXFileReference; fileEncoding = 4; lastKnownFileType = sourcecode.swift; path = HomeViewController.swift; sourceTree = "<group>"; };
		E67000F024191D6F008639C1 /* TabBarViewControllerr.swift */ = {isa = PBXFileReference; lastKnownFileType = sourcecode.swift; path = TabBarViewControllerr.swift; sourceTree = "<group>"; };
		E67000F4241A67B1008639C1 /* UpdateProfileViewController.swift */ = {isa = PBXFileReference; lastKnownFileType = sourcecode.swift; path = UpdateProfileViewController.swift; sourceTree = "<group>"; };
		E67000F8241B97AA008639C1 /* PostStruct.swift */ = {isa = PBXFileReference; lastKnownFileType = sourcecode.swift; path = PostStruct.swift; sourceTree = "<group>"; };
		E6FAA44E24167AB200AB71EA /* SignUppViewController.swift */ = {isa = PBXFileReference; lastKnownFileType = sourcecode.swift; path = SignUppViewController.swift; sourceTree = "<group>"; };
		E6FAA45024167ACD00AB71EA /* SignInnViewController.swift */ = {isa = PBXFileReference; lastKnownFileType = sourcecode.swift; path = SignInnViewController.swift; sourceTree = "<group>"; };
		E6FAA4542416863500AB71EA /* ProfileViewController.swift */ = {isa = PBXFileReference; lastKnownFileType = sourcecode.swift; path = ProfileViewController.swift; sourceTree = "<group>"; };
		E6FAA45624178C1D00AB71EA /* NavgationViewController.swift */ = {isa = PBXFileReference; lastKnownFileType = sourcecode.swift; path = NavgationViewController.swift; sourceTree = "<group>"; };
/* End PBXFileReference section */

/* Begin PBXFrameworksBuildPhase section */
		E60D89CF24152E5E00ACA654 /* Frameworks */ = {
			isa = PBXFrameworksBuildPhase;
			buildActionMask = 2147483647;
			files = (
				B84B1E174BD7FB1DC2C3F6B2 /* Pods_Yoose.framework in Frameworks */,
			);
			runOnlyForDeploymentPostprocessing = 0;
		};
		E60D89E824152E6300ACA654 /* Frameworks */ = {
			isa = PBXFrameworksBuildPhase;
			buildActionMask = 2147483647;
			files = (
				94DA25A2E1CB582E9F3902C6 /* Pods_YooseTests.framework in Frameworks */,
			);
			runOnlyForDeploymentPostprocessing = 0;
		};
		E60D89F324152E6300ACA654 /* Frameworks */ = {
			isa = PBXFrameworksBuildPhase;
			buildActionMask = 2147483647;
			files = (
				5442EC92D95DE6BF6C843901 /* Pods_Yoose_YooseUITests.framework in Frameworks */,
			);
			runOnlyForDeploymentPostprocessing = 0;
		};
/* End PBXFrameworksBuildPhase section */

/* Begin PBXGroup section */
		9C0E5731557EE857B2C0BEA7 /* Pods */ = {
			isa = PBXGroup;
			children = (
				A456E26930D116B0202D6978 /* Pods-Yoose.debug.xcconfig */,
				97A32788F017615AF46F02F9 /* Pods-Yoose.release.xcconfig */,
				72ACF93EFB45A7A432160C47 /* Pods-Yoose-YooseUITests.debug.xcconfig */,
				B36AEE8C1AAAB858A8235D94 /* Pods-Yoose-YooseUITests.release.xcconfig */,
				C1D1B64F61199FA90A7B8B3D /* Pods-YooseTests.debug.xcconfig */,
				4E36CFF4B8406A0EEFB0FF1D /* Pods-YooseTests.release.xcconfig */,
			);
			path = Pods;
			sourceTree = "<group>";
		};
		BD8B3A525BE28D559138BAE3 /* Frameworks */ = {
			isa = PBXGroup;
			children = (
				BCE61144E871A2FFB88C06F7 /* Pods_Yoose.framework */,
				DDB90B1B2AF00EC94634D104 /* Pods_Yoose_YooseUITests.framework */,
				3387EB429CE366276F7A890A /* Pods_YooseTests.framework */,
			);
			name = Frameworks;
			sourceTree = "<group>";
		};
		E60D89C924152E5E00ACA654 = {
			isa = PBXGroup;
			children = (
				E60D89D424152E5E00ACA654 /* Yoose */,
				E60D89EE24152E6300ACA654 /* YooseTests */,
				E60D89F924152E6300ACA654 /* YooseUITests */,
				E60D89D324152E5E00ACA654 /* Products */,
				9C0E5731557EE857B2C0BEA7 /* Pods */,
				BD8B3A525BE28D559138BAE3 /* Frameworks */,
			);
			sourceTree = "<group>";
		};
		E60D89D324152E5E00ACA654 /* Products */ = {
			isa = PBXGroup;
			children = (
				E60D89D224152E5E00ACA654 /* Yoose.app */,
				E60D89EB24152E6300ACA654 /* YooseTests.xctest */,
				E60D89F624152E6300ACA654 /* YooseUITests.xctest */,
			);
			name = Products;
			sourceTree = "<group>";
		};
		E60D89D424152E5E00ACA654 /* Yoose */ = {
			isa = PBXGroup;
			children = (
				E60D8A1024153A7000ACA654 /* Main.storyboard */,
				E67000F4241A67B1008639C1 /* UpdateProfileViewController.swift */,
				E67000F024191D6F008639C1 /* TabBarViewControllerr.swift */,
				E64D2608241647FF000A0E9E /* WritePostviewViewController.swift */,
				E63A94D5241544EE0089B404 /* CountriesTableViewCell.swift */,
				E60D89D524152E5E00ACA654 /* AppDelegate.swift */,
				E6FAA45024167ACD00AB71EA /* SignInnViewController.swift */,
				E6FAA45624178C1D00AB71EA /* NavgationViewController.swift */,
				E6FAA44E24167AB200AB71EA /* SignUppViewController.swift */,
				E64D260C24166D55000A0E9E /* Utilities.swift */,
				E64D260F24166D58000A0E9E /* HomeViewController.swift */,
				E60D89D724152E5E00ACA654 /* SceneDelegate.swift */,
				E63A94D724163DB60089B404 /* GoogleService-Info.plist */,
				E60D89D924152E5E00ACA654 /* ViewController.swift */,
				E60D8A0E241538F800ACA654 /* feedTableViewCell.swift */,
				E60D8A0A2415381600ACA654 /* FeedViewController.swift */,
				E6FAA4542416863500AB71EA /* ProfileViewController.swift */,
				E60D8A0C2415382800ACA654 /* CountriesViewController.swift */,
				E60D89E124152E6300ACA654 /* Assets.xcassets */,
				E60D89E324152E6300ACA654 /* LaunchScreen.storyboard */,
				E60D89E624152E6300ACA654 /* Info.plist */,
				E60D89DE24152E5E00ACA654 /* Yoose.xcdatamodeld */,
				E60D8A0824152F7400ACA654 /* CountriesList.swift */,
				E67000F8241B97AA008639C1 /* PostStruct.swift */,
			);
			path = Yoose;
			sourceTree = "<group>";
		};
		E60D89EE24152E6300ACA654 /* YooseTests */ = {
			isa = PBXGroup;
			children = (
				E60D89EF24152E6300ACA654 /* YooseTests.swift */,
				E60D89F124152E6300ACA654 /* Info.plist */,
			);
			path = YooseTests;
			sourceTree = "<group>";
		};
		E60D89F924152E6300ACA654 /* YooseUITests */ = {
			isa = PBXGroup;
			children = (
				E60D89FA24152E6300ACA654 /* YooseUITests.swift */,
				E60D89FC24152E6300ACA654 /* Info.plist */,
			);
			path = YooseUITests;
			sourceTree = "<group>";
		};
/* End PBXGroup section */

/* Begin PBXNativeTarget section */
		E60D89D124152E5E00ACA654 /* Yoose */ = {
			isa = PBXNativeTarget;
			buildConfigurationList = E60D89FF24152E6300ACA654 /* Build configuration list for PBXNativeTarget "Yoose" */;
			buildPhases = (
				4774AD066F588862509AC57B /* [CP] Check Pods Manifest.lock */,
				E60D89CE24152E5E00ACA654 /* Sources */,
				E60D89CF24152E5E00ACA654 /* Frameworks */,
				E60D89D024152E5E00ACA654 /* Resources */,
				C9FDF5D2E9BF566ACEE28D7A /* [CP] Embed Pods Frameworks */,
			);
			buildRules = (
			);
			dependencies = (
			);
			name = Yoose;
			productName = Yoose;
			productReference = E60D89D224152E5E00ACA654 /* Yoose.app */;
			productType = "com.apple.product-type.application";
		};
		E60D89EA24152E6300ACA654 /* YooseTests */ = {
			isa = PBXNativeTarget;
			buildConfigurationList = E60D8A0224152E6300ACA654 /* Build configuration list for PBXNativeTarget "YooseTests" */;
			buildPhases = (
				5ABC2FEDD3C511C2FC1C0246 /* [CP] Check Pods Manifest.lock */,
				E60D89E724152E6300ACA654 /* Sources */,
				E60D89E824152E6300ACA654 /* Frameworks */,
				E60D89E924152E6300ACA654 /* Resources */,
				6001E458317564E93BEBC7C0 /* [CP] Embed Pods Frameworks */,
			);
			buildRules = (
			);
			dependencies = (
				E60D89ED24152E6300ACA654 /* PBXTargetDependency */,
			);
			name = YooseTests;
			productName = YooseTests;
			productReference = E60D89EB24152E6300ACA654 /* YooseTests.xctest */;
			productType = "com.apple.product-type.bundle.unit-test";
		};
		E60D89F524152E6300ACA654 /* YooseUITests */ = {
			isa = PBXNativeTarget;
			buildConfigurationList = E60D8A0524152E6300ACA654 /* Build configuration list for PBXNativeTarget "YooseUITests" */;
			buildPhases = (
				A484EB73A8ED9D714E50B536 /* [CP] Check Pods Manifest.lock */,
				E60D89F224152E6300ACA654 /* Sources */,
				E60D89F324152E6300ACA654 /* Frameworks */,
				E60D89F424152E6300ACA654 /* Resources */,
				57B3A3786C448F50DC6B241C /* [CP] Embed Pods Frameworks */,
			);
			buildRules = (
			);
			dependencies = (
				E60D89F824152E6300ACA654 /* PBXTargetDependency */,
			);
			name = YooseUITests;
			productName = YooseUITests;
			productReference = E60D89F624152E6300ACA654 /* YooseUITests.xctest */;
			productType = "com.apple.product-type.bundle.ui-testing";
		};
/* End PBXNativeTarget section */

/* Begin PBXProject section */
		E60D89CA24152E5E00ACA654 /* Project object */ = {
			isa = PBXProject;
			attributes = {
				LastSwiftUpdateCheck = 1130;
				LastUpgradeCheck = 1130;
				ORGANIZATIONNAME = "Indigo´sDad";
				TargetAttributes = {
					E60D89D124152E5E00ACA654 = {
						CreatedOnToolsVersion = 11.3.1;
					};
					E60D89EA24152E6300ACA654 = {
						CreatedOnToolsVersion = 11.3.1;
						TestTargetID = E60D89D124152E5E00ACA654;
					};
					E60D89F524152E6300ACA654 = {
						CreatedOnToolsVersion = 11.3.1;
						TestTargetID = E60D89D124152E5E00ACA654;
					};
				};
			};
			buildConfigurationList = E60D89CD24152E5E00ACA654 /* Build configuration list for PBXProject "Yoose" */;
			compatibilityVersion = "Xcode 9.3";
			developmentRegion = en;
			hasScannedForEncodings = 0;
			knownRegions = (
				en,
				Base,
			);
			mainGroup = E60D89C924152E5E00ACA654;
			productRefGroup = E60D89D324152E5E00ACA654 /* Products */;
			projectDirPath = "";
			projectRoot = "";
			targets = (
				E60D89D124152E5E00ACA654 /* Yoose */,
				E60D89EA24152E6300ACA654 /* YooseTests */,
				E60D89F524152E6300ACA654 /* YooseUITests */,
			);
		};
/* End PBXProject section */

/* Begin PBXResourcesBuildPhase section */
		E60D89D024152E5E00ACA654 /* Resources */ = {
			isa = PBXResourcesBuildPhase;
			buildActionMask = 2147483647;
			files = (
				E60D8A1124153A7000ACA654 /* Main.storyboard in Resources */,
				E63A94D824163DB60089B404 /* GoogleService-Info.plist in Resources */,
				E60D89E524152E6300ACA654 /* LaunchScreen.storyboard in Resources */,
				E60D89E224152E6300ACA654 /* Assets.xcassets in Resources */,
			);
			runOnlyForDeploymentPostprocessing = 0;
		};
		E60D89E924152E6300ACA654 /* Resources */ = {
			isa = PBXResourcesBuildPhase;
			buildActionMask = 2147483647;
			files = (
				E60D8A1224153A7000ACA654 /* Main.storyboard in Resources */,
				E63A94D924163DB60089B404 /* GoogleService-Info.plist in Resources */,
			);
			runOnlyForDeploymentPostprocessing = 0;
		};
		E60D89F424152E6300ACA654 /* Resources */ = {
			isa = PBXResourcesBuildPhase;
			buildActionMask = 2147483647;
			files = (
				E60D8A1324153A7000ACA654 /* Main.storyboard in Resources */,
				E63A94DA24163DB60089B404 /* GoogleService-Info.plist in Resources */,
			);
			runOnlyForDeploymentPostprocessing = 0;
		};
/* End PBXResourcesBuildPhase section */

/* Begin PBXShellScriptBuildPhase section */
		4774AD066F588862509AC57B /* [CP] Check Pods Manifest.lock */ = {
			isa = PBXShellScriptBuildPhase;
			buildActionMask = 2147483647;
			files = (
			);
			inputFileListPaths = (
			);
			inputPaths = (
				"${PODS_PODFILE_DIR_PATH}/Podfile.lock",
				"${PODS_ROOT}/Manifest.lock",
			);
			name = "[CP] Check Pods Manifest.lock";
			outputFileListPaths = (
			);
			outputPaths = (
				"$(DERIVED_FILE_DIR)/Pods-Yoose-checkManifestLockResult.txt",
			);
			runOnlyForDeploymentPostprocessing = 0;
			shellPath = /bin/sh;
			shellScript = "diff \"${PODS_PODFILE_DIR_PATH}/Podfile.lock\" \"${PODS_ROOT}/Manifest.lock\" > /dev/null\nif [ $? != 0 ] ; then\n    # print error to STDERR\n    echo \"error: The sandbox is not in sync with the Podfile.lock. Run 'pod install' or update your CocoaPods installation.\" >&2\n    exit 1\nfi\n# This output is used by Xcode 'outputs' to avoid re-running this script phase.\necho \"SUCCESS\" > \"${SCRIPT_OUTPUT_FILE_0}\"\n";
			showEnvVarsInLog = 0;
		};
		57B3A3786C448F50DC6B241C /* [CP] Embed Pods Frameworks */ = {
			isa = PBXShellScriptBuildPhase;
			buildActionMask = 2147483647;
			files = (
			);
			inputFileListPaths = (
				"${PODS_ROOT}/Target Support Files/Pods-Yoose-YooseUITests/Pods-Yoose-YooseUITests-frameworks-${CONFIGURATION}-input-files.xcfilelist",
			);
			name = "[CP] Embed Pods Frameworks";
			outputFileListPaths = (
				"${PODS_ROOT}/Target Support Files/Pods-Yoose-YooseUITests/Pods-Yoose-YooseUITests-frameworks-${CONFIGURATION}-output-files.xcfilelist",
			);
			runOnlyForDeploymentPostprocessing = 0;
			shellPath = /bin/sh;
			shellScript = "\"${PODS_ROOT}/Target Support Files/Pods-Yoose-YooseUITests/Pods-Yoose-YooseUITests-frameworks.sh\"\n";
			showEnvVarsInLog = 0;
		};
		5ABC2FEDD3C511C2FC1C0246 /* [CP] Check Pods Manifest.lock */ = {
			isa = PBXShellScriptBuildPhase;
			buildActionMask = 2147483647;
			files = (
			);
			inputFileListPaths = (
			);
			inputPaths = (
				"${PODS_PODFILE_DIR_PATH}/Podfile.lock",
				"${PODS_ROOT}/Manifest.lock",
			);
			name = "[CP] Check Pods Manifest.lock";
			outputFileListPaths = (
			);
			outputPaths = (
				"$(DERIVED_FILE_DIR)/Pods-YooseTests-checkManifestLockResult.txt",
			);
			runOnlyForDeploymentPostprocessing = 0;
			shellPath = /bin/sh;
			shellScript = "diff \"${PODS_PODFILE_DIR_PATH}/Podfile.lock\" \"${PODS_ROOT}/Manifest.lock\" > /dev/null\nif [ $? != 0 ] ; then\n    # print error to STDERR\n    echo \"error: The sandbox is not in sync with the Podfile.lock. Run 'pod install' or update your CocoaPods installation.\" >&2\n    exit 1\nfi\n# This output is used by Xcode 'outputs' to avoid re-running this script phase.\necho \"SUCCESS\" > \"${SCRIPT_OUTPUT_FILE_0}\"\n";
			showEnvVarsInLog = 0;
		};
		6001E458317564E93BEBC7C0 /* [CP] Embed Pods Frameworks */ = {
			isa = PBXShellScriptBuildPhase;
			buildActionMask = 2147483647;
			files = (
			);
			inputFileListPaths = (
				"${PODS_ROOT}/Target Support Files/Pods-YooseTests/Pods-YooseTests-frameworks-${CONFIGURATION}-input-files.xcfilelist",
			);
			name = "[CP] Embed Pods Frameworks";
			outputFileListPaths = (
				"${PODS_ROOT}/Target Support Files/Pods-YooseTests/Pods-YooseTests-frameworks-${CONFIGURATION}-output-files.xcfilelist",
			);
			runOnlyForDeploymentPostprocessing = 0;
			shellPath = /bin/sh;
			shellScript = "\"${PODS_ROOT}/Target Support Files/Pods-YooseTests/Pods-YooseTests-frameworks.sh\"\n";
			showEnvVarsInLog = 0;
		};
		A484EB73A8ED9D714E50B536 /* [CP] Check Pods Manifest.lock */ = {
			isa = PBXShellScriptBuildPhase;
			buildActionMask = 2147483647;
			files = (
			);
			inputFileListPaths = (
			);
			inputPaths = (
				"${PODS_PODFILE_DIR_PATH}/Podfile.lock",
				"${PODS_ROOT}/Manifest.lock",
			);
			name = "[CP] Check Pods Manifest.lock";
			outputFileListPaths = (
			);
			outputPaths = (
				"$(DERIVED_FILE_DIR)/Pods-Yoose-YooseUITests-checkManifestLockResult.txt",
			);
			runOnlyForDeploymentPostprocessing = 0;
			shellPath = /bin/sh;
			shellScript = "diff \"${PODS_PODFILE_DIR_PATH}/Podfile.lock\" \"${PODS_ROOT}/Manifest.lock\" > /dev/null\nif [ $? != 0 ] ; then\n    # print error to STDERR\n    echo \"error: The sandbox is not in sync with the Podfile.lock. Run 'pod install' or update your CocoaPods installation.\" >&2\n    exit 1\nfi\n# This output is used by Xcode 'outputs' to avoid re-running this script phase.\necho \"SUCCESS\" > \"${SCRIPT_OUTPUT_FILE_0}\"\n";
			showEnvVarsInLog = 0;
		};
		C9FDF5D2E9BF566ACEE28D7A /* [CP] Embed Pods Frameworks */ = {
			isa = PBXShellScriptBuildPhase;
			buildActionMask = 2147483647;
			files = (
			);
			inputFileListPaths = (
				"${PODS_ROOT}/Target Support Files/Pods-Yoose/Pods-Yoose-frameworks-${CONFIGURATION}-input-files.xcfilelist",
			);
			name = "[CP] Embed Pods Frameworks";
			outputFileListPaths = (
				"${PODS_ROOT}/Target Support Files/Pods-Yoose/Pods-Yoose-frameworks-${CONFIGURATION}-output-files.xcfilelist",
			);
			runOnlyForDeploymentPostprocessing = 0;
			shellPath = /bin/sh;
			shellScript = "\"${PODS_ROOT}/Target Support Files/Pods-Yoose/Pods-Yoose-frameworks.sh\"\n";
			showEnvVarsInLog = 0;
		};
/* End PBXShellScriptBuildPhase section */

/* Begin PBXSourcesBuildPhase section */
		E60D89CE24152E5E00ACA654 /* Sources */ = {
			isa = PBXSourcesBuildPhase;
			buildActionMask = 2147483647;
			files = (
				E67000F9241B97AA008639C1 /* PostStruct.swift in Sources */,
				E60D89DA24152E5E00ACA654 /* ViewController.swift in Sources */,
				E60D8A0F241538F800ACA654 /* feedTableViewCell.swift in Sources */,
				E64D261024166D59000A0E9E /* Utilities.swift in Sources */,
				E67000F5241A67B1008639C1 /* UpdateProfileViewController.swift in Sources */,
				E63A94D6241544EE0089B404 /* CountriesTableViewCell.swift in Sources */,
				E67000F124191D6F008639C1 /* TabBarViewControllerr.swift in Sources */,
				E60D8A0D2415382800ACA654 /* CountriesViewController.swift in Sources */,
				E64D261924166D59000A0E9E /* HomeViewController.swift in Sources */,
				E6FAA4552416863500AB71EA /* ProfileViewController.swift in Sources */,
				E60D89E024152E5E00ACA654 /* Yoose.xcdatamodeld in Sources */,
				E64D2609241647FF000A0E9E /* WritePostviewViewController.swift in Sources */,
				E60D89D624152E5E00ACA654 /* AppDelegate.swift in Sources */,
				E6FAA45124167ACD00AB71EA /* SignInnViewController.swift in Sources */,
				E6FAA44F24167AB200AB71EA /* SignUppViewController.swift in Sources */,
				E60D89D824152E5E00ACA654 /* SceneDelegate.swift in Sources */,
				E60D8A0B2415381600ACA654 /* FeedViewController.swift in Sources */,
				E6FAA45724178C1D00AB71EA /* NavgationViewController.swift in Sources */,
				E60D8A0924152F7400ACA654 /* CountriesList.swift in Sources */,
			);
			runOnlyForDeploymentPostprocessing = 0;
		};
		E60D89E724152E6300ACA654 /* Sources */ = {
			isa = PBXSourcesBuildPhase;
			buildActionMask = 2147483647;
			files = (
				E64D261124166D59000A0E9E /* Utilities.swift in Sources */,
				E60D89F024152E6300ACA654 /* YooseTests.swift in Sources */,
				E6FAA45824178C1D00AB71EA /* NavgationViewController.swift in Sources */,
				E64D260A241647FF000A0E9E /* WritePostviewViewController.swift in Sources */,
				E67000F6241A67B1008639C1 /* UpdateProfileViewController.swift in Sources */,
				E64D261A24166D59000A0E9E /* HomeViewController.swift in Sources */,
				E67000F224191D6F008639C1 /* TabBarViewControllerr.swift in Sources */,
			);
			runOnlyForDeploymentPostprocessing = 0;
		};
		E60D89F224152E6300ACA654 /* Sources */ = {
			isa = PBXSourcesBuildPhase;
			buildActionMask = 2147483647;
			files = (
				E64D261224166D59000A0E9E /* Utilities.swift in Sources */,
				E60D89FB24152E6300ACA654 /* YooseUITests.swift in Sources */,
				E6FAA45924178C1D00AB71EA /* NavgationViewController.swift in Sources */,
				E64D260B241647FF000A0E9E /* WritePostviewViewController.swift in Sources */,
				E67000F7241A67B1008639C1 /* UpdateProfileViewController.swift in Sources */,
				E64D261B24166D59000A0E9E /* HomeViewController.swift in Sources */,
				E67000F324191D6F008639C1 /* TabBarViewControllerr.swift in Sources */,
			);
			runOnlyForDeploymentPostprocessing = 0;
		};
/* End PBXSourcesBuildPhase section */

/* Begin PBXTargetDependency section */
		E60D89ED24152E6300ACA654 /* PBXTargetDependency */ = {
			isa = PBXTargetDependency;
			target = E60D89D124152E5E00ACA654 /* Yoose */;
			targetProxy = E60D89EC24152E6300ACA654 /* PBXContainerItemProxy */;
		};
		E60D89F824152E6300ACA654 /* PBXTargetDependency */ = {
			isa = PBXTargetDependency;
			target = E60D89D124152E5E00ACA654 /* Yoose */;
			targetProxy = E60D89F724152E6300ACA654 /* PBXContainerItemProxy */;
		};
/* End PBXTargetDependency section */

/* Begin PBXVariantGroup section */
		E60D89E324152E6300ACA654 /* LaunchScreen.storyboard */ = {
			isa = PBXVariantGroup;
			children = (
				E60D89E424152E6300ACA654 /* Base */,
			);
			name = LaunchScreen.storyboard;
			sourceTree = "<group>";
		};
/* End PBXVariantGroup section */

/* Begin XCBuildConfiguration section */
		E60D89FD24152E6300ACA654 /* Debug */ = {
			isa = XCBuildConfiguration;
			buildSettings = {
				ALWAYS_SEARCH_USER_PATHS = NO;
				CLANG_ANALYZER_NONNULL = YES;
				CLANG_ANALYZER_NUMBER_OBJECT_CONVERSION = YES_AGGRESSIVE;
				CLANG_CXX_LANGUAGE_STANDARD = "gnu++14";
				CLANG_CXX_LIBRARY = "libc++";
				CLANG_ENABLE_MODULES = YES;
				CLANG_ENABLE_OBJC_ARC = YES;
				CLANG_ENABLE_OBJC_WEAK = YES;
				CLANG_WARN_BLOCK_CAPTURE_AUTORELEASING = YES;
				CLANG_WARN_BOOL_CONVERSION = YES;
				CLANG_WARN_COMMA = YES;
				CLANG_WARN_CONSTANT_CONVERSION = YES;
				CLANG_WARN_DEPRECATED_OBJC_IMPLEMENTATIONS = YES;
				CLANG_WARN_DIRECT_OBJC_ISA_USAGE = YES_ERROR;
				CLANG_WARN_DOCUMENTATION_COMMENTS = YES;
				CLANG_WARN_EMPTY_BODY = YES;
				CLANG_WARN_ENUM_CONVERSION = YES;
				CLANG_WARN_INFINITE_RECURSION = YES;
				CLANG_WARN_INT_CONVERSION = YES;
				CLANG_WARN_NON_LITERAL_NULL_CONVERSION = YES;
				CLANG_WARN_OBJC_IMPLICIT_RETAIN_SELF = YES;
				CLANG_WARN_OBJC_LITERAL_CONVERSION = YES;
				CLANG_WARN_OBJC_ROOT_CLASS = YES_ERROR;
				CLANG_WARN_RANGE_LOOP_ANALYSIS = YES;
				CLANG_WARN_STRICT_PROTOTYPES = YES;
				CLANG_WARN_SUSPICIOUS_MOVE = YES;
				CLANG_WARN_UNGUARDED_AVAILABILITY = YES_AGGRESSIVE;
				CLANG_WARN_UNREACHABLE_CODE = YES;
				CLANG_WARN__DUPLICATE_METHOD_MATCH = YES;
				COPY_PHASE_STRIP = NO;
				DEBUG_INFORMATION_FORMAT = dwarf;
				ENABLE_STRICT_OBJC_MSGSEND = YES;
				ENABLE_TESTABILITY = YES;
				GCC_C_LANGUAGE_STANDARD = gnu11;
				GCC_DYNAMIC_NO_PIC = NO;
				GCC_NO_COMMON_BLOCKS = YES;
				GCC_OPTIMIZATION_LEVEL = 0;
				GCC_PREPROCESSOR_DEFINITIONS = (
					"DEBUG=1",
					"$(inherited)",
				);
				GCC_WARN_64_TO_32_BIT_CONVERSION = YES;
				GCC_WARN_ABOUT_RETURN_TYPE = YES_ERROR;
				GCC_WARN_UNDECLARED_SELECTOR = YES;
				GCC_WARN_UNINITIALIZED_AUTOS = YES_AGGRESSIVE;
				GCC_WARN_UNUSED_FUNCTION = YES;
				GCC_WARN_UNUSED_VARIABLE = YES;
				IPHONEOS_DEPLOYMENT_TARGET = 13.2;
				MTL_ENABLE_DEBUG_INFO = INCLUDE_SOURCE;
				MTL_FAST_MATH = YES;
				ONLY_ACTIVE_ARCH = YES;
				SDKROOT = iphoneos;
				SWIFT_ACTIVE_COMPILATION_CONDITIONS = DEBUG;
				SWIFT_OPTIMIZATION_LEVEL = "-Onone";
			};
			name = Debug;
		};
		E60D89FE24152E6300ACA654 /* Release */ = {
			isa = XCBuildConfiguration;
			buildSettings = {
				ALWAYS_SEARCH_USER_PATHS = NO;
				CLANG_ANALYZER_NONNULL = YES;
				CLANG_ANALYZER_NUMBER_OBJECT_CONVERSION = YES_AGGRESSIVE;
				CLANG_CXX_LANGUAGE_STANDARD = "gnu++14";
				CLANG_CXX_LIBRARY = "libc++";
				CLANG_ENABLE_MODULES = YES;
				CLANG_ENABLE_OBJC_ARC = YES;
				CLANG_ENABLE_OBJC_WEAK = YES;
				CLANG_WARN_BLOCK_CAPTURE_AUTORELEASING = YES;
				CLANG_WARN_BOOL_CONVERSION = YES;
				CLANG_WARN_COMMA = YES;
				CLANG_WARN_CONSTANT_CONVERSION = YES;
				CLANG_WARN_DEPRECATED_OBJC_IMPLEMENTATIONS = YES;
				CLANG_WARN_DIRECT_OBJC_ISA_USAGE = YES_ERROR;
				CLANG_WARN_DOCUMENTATION_COMMENTS = YES;
				CLANG_WARN_EMPTY_BODY = YES;
				CLANG_WARN_ENUM_CONVERSION = YES;
				CLANG_WARN_INFINITE_RECURSION = YES;
				CLANG_WARN_INT_CONVERSION = YES;
				CLANG_WARN_NON_LITERAL_NULL_CONVERSION = YES;
				CLANG_WARN_OBJC_IMPLICIT_RETAIN_SELF = YES;
				CLANG_WARN_OBJC_LITERAL_CONVERSION = YES;
				CLANG_WARN_OBJC_ROOT_CLASS = YES_ERROR;
				CLANG_WARN_RANGE_LOOP_ANALYSIS = YES;
				CLANG_WARN_STRICT_PROTOTYPES = YES;
				CLANG_WARN_SUSPICIOUS_MOVE = YES;
				CLANG_WARN_UNGUARDED_AVAILABILITY = YES_AGGRESSIVE;
				CLANG_WARN_UNREACHABLE_CODE = YES;
				CLANG_WARN__DUPLICATE_METHOD_MATCH = YES;
				COPY_PHASE_STRIP = NO;
				DEBUG_INFORMATION_FORMAT = "dwarf-with-dsym";
				ENABLE_NS_ASSERTIONS = NO;
				ENABLE_STRICT_OBJC_MSGSEND = YES;
				GCC_C_LANGUAGE_STANDARD = gnu11;
				GCC_NO_COMMON_BLOCKS = YES;
				GCC_WARN_64_TO_32_BIT_CONVERSION = YES;
				GCC_WARN_ABOUT_RETURN_TYPE = YES_ERROR;
				GCC_WARN_UNDECLARED_SELECTOR = YES;
				GCC_WARN_UNINITIALIZED_AUTOS = YES_AGGRESSIVE;
				GCC_WARN_UNUSED_FUNCTION = YES;
				GCC_WARN_UNUSED_VARIABLE = YES;
				IPHONEOS_DEPLOYMENT_TARGET = 13.2;
				MTL_ENABLE_DEBUG_INFO = NO;
				MTL_FAST_MATH = YES;
				SDKROOT = iphoneos;
				SWIFT_COMPILATION_MODE = wholemodule;
				SWIFT_OPTIMIZATION_LEVEL = "-O";
				VALIDATE_PRODUCT = YES;
			};
			name = Release;
		};
		E60D8A0024152E6300ACA654 /* Debug */ = {
			isa = XCBuildConfiguration;
			baseConfigurationReference = A456E26930D116B0202D6978 /* Pods-Yoose.debug.xcconfig */;
			buildSettings = {
				ASSETCATALOG_COMPILER_APPICON_NAME = AppIcon;
				CODE_SIGN_STYLE = Automatic;
				INFOPLIST_FILE = Yoose/Info.plist;
				LD_RUNPATH_SEARCH_PATHS = (
					"$(inherited)",
					"@executable_path/Frameworks",
				);
				PRODUCT_BUNDLE_IDENTIFIER = cy.Yoose;
				PRODUCT_NAME = "$(TARGET_NAME)";
				SWIFT_VERSION = 5.0;
				TARGETED_DEVICE_FAMILY = "1,2";
			};
			name = Debug;
		};
		E60D8A0124152E6300ACA654 /* Release */ = {
			isa = XCBuildConfiguration;
			baseConfigurationReference = 97A32788F017615AF46F02F9 /* Pods-Yoose.release.xcconfig */;
			buildSettings = {
				ASSETCATALOG_COMPILER_APPICON_NAME = AppIcon;
				CODE_SIGN_STYLE = Automatic;
				INFOPLIST_FILE = Yoose/Info.plist;
				LD_RUNPATH_SEARCH_PATHS = (
					"$(inherited)",
					"@executable_path/Frameworks",
				);
				PRODUCT_BUNDLE_IDENTIFIER = cy.Yoose;
				PRODUCT_NAME = "$(TARGET_NAME)";
				SWIFT_VERSION = 5.0;
				TARGETED_DEVICE_FAMILY = "1,2";
			};
			name = Release;
		};
		E60D8A0324152E6300ACA654 /* Debug */ = {
			isa = XCBuildConfiguration;
			baseConfigurationReference = C1D1B64F61199FA90A7B8B3D /* Pods-YooseTests.debug.xcconfig */;
			buildSettings = {
				ALWAYS_EMBED_SWIFT_STANDARD_LIBRARIES = YES;
				BUNDLE_LOADER = "$(TEST_HOST)";
				CODE_SIGN_STYLE = Automatic;
				INFOPLIST_FILE = YooseTests/Info.plist;
				IPHONEOS_DEPLOYMENT_TARGET = 13.2;
				LD_RUNPATH_SEARCH_PATHS = (
					"$(inherited)",
					"@executable_path/Frameworks",
					"@loader_path/Frameworks",
				);
				PRODUCT_BUNDLE_IDENTIFIER = cy.YooseTests;
				PRODUCT_NAME = "$(TARGET_NAME)";
				SWIFT_VERSION = 5.0;
				TARGETED_DEVICE_FAMILY = "1,2";
				TEST_HOST = "$(BUILT_PRODUCTS_DIR)/Yoose.app/Yoose";
			};
			name = Debug;
		};
		E60D8A0424152E6300ACA654 /* Release */ = {
			isa = XCBuildConfiguration;
			baseConfigurationReference = 4E36CFF4B8406A0EEFB0FF1D /* Pods-YooseTests.release.xcconfig */;
			buildSettings = {
				ALWAYS_EMBED_SWIFT_STANDARD_LIBRARIES = YES;
				BUNDLE_LOADER = "$(TEST_HOST)";
				CODE_SIGN_STYLE = Automatic;
				INFOPLIST_FILE = YooseTests/Info.plist;
				IPHONEOS_DEPLOYMENT_TARGET = 13.2;
				LD_RUNPATH_SEARCH_PATHS = (
					"$(inherited)",
					"@executable_path/Frameworks",
					"@loader_path/Frameworks",
				);
				PRODUCT_BUNDLE_IDENTIFIER = cy.YooseTests;
				PRODUCT_NAME = "$(TARGET_NAME)";
				SWIFT_VERSION = 5.0;
				TARGETED_DEVICE_FAMILY = "1,2";
				TEST_HOST = "$(BUILT_PRODUCTS_DIR)/Yoose.app/Yoose";
			};
			name = Release;
		};
		E60D8A0624152E6300ACA654 /* Debug */ = {
			isa = XCBuildConfiguration;
			baseConfigurationReference = 72ACF93EFB45A7A432160C47 /* Pods-Yoose-YooseUITests.debug.xcconfig */;
			buildSettings = {
				ALWAYS_EMBED_SWIFT_STANDARD_LIBRARIES = YES;
				CODE_SIGN_STYLE = Automatic;
				INFOPLIST_FILE = YooseUITests/Info.plist;
				LD_RUNPATH_SEARCH_PATHS = (
					"$(inherited)",
					"@executable_path/Frameworks",
					"@loader_path/Frameworks",
				);
				PRODUCT_BUNDLE_IDENTIFIER = cy.YooseUITests;
				PRODUCT_NAME = "$(TARGET_NAME)";
				SWIFT_VERSION = 5.0;
				TARGETED_DEVICE_FAMILY = "1,2";
				TEST_TARGET_NAME = Yoose;
			};
			name = Debug;
		};
		E60D8A0724152E6300ACA654 /* Release */ = {
			isa = XCBuildConfiguration;
			baseConfigurationReference = B36AEE8C1AAAB858A8235D94 /* Pods-Yoose-YooseUITests.release.xcconfig */;
			buildSettings = {
				ALWAYS_EMBED_SWIFT_STANDARD_LIBRARIES = YES;
				CODE_SIGN_STYLE = Automatic;
				INFOPLIST_FILE = YooseUITests/Info.plist;
				LD_RUNPATH_SEARCH_PATHS = (
					"$(inherited)",
					"@executable_path/Frameworks",
					"@loader_path/Frameworks",
				);
				PRODUCT_BUNDLE_IDENTIFIER = cy.YooseUITests;
				PRODUCT_NAME = "$(TARGET_NAME)";
				SWIFT_VERSION = 5.0;
				TARGETED_DEVICE_FAMILY = "1,2";
				TEST_TARGET_NAME = Yoose;
			};
			name = Release;
		};
/* End XCBuildConfiguration section */

/* Begin XCConfigurationList section */
		E60D89CD24152E5E00ACA654 /* Build configuration list for PBXProject "Yoose" */ = {
			isa = XCConfigurationList;
			buildConfigurations = (
				E60D89FD24152E6300ACA654 /* Debug */,
				E60D89FE24152E6300ACA654 /* Release */,
			);
			defaultConfigurationIsVisible = 0;
			defaultConfigurationName = Release;
		};
		E60D89FF24152E6300ACA654 /* Build configuration list for PBXNativeTarget "Yoose" */ = {
			isa = XCConfigurationList;
			buildConfigurations = (
				E60D8A0024152E6300ACA654 /* Debug */,
				E60D8A0124152E6300ACA654 /* Release */,
			);
			defaultConfigurationIsVisible = 0;
			defaultConfigurationName = Release;
		};
		E60D8A0224152E6300ACA654 /* Build configuration list for PBXNativeTarget "YooseTests" */ = {
			isa = XCConfigurationList;
			buildConfigurations = (
				E60D8A0324152E6300ACA654 /* Debug */,
				E60D8A0424152E6300ACA654 /* Release */,
			);
			defaultConfigurationIsVisible = 0;
			defaultConfigurationName = Release;
		};
		E60D8A0524152E6300ACA654 /* Build configuration list for PBXNativeTarget "YooseUITests" */ = {
			isa = XCConfigurationList;
			buildConfigurations = (
				E60D8A0624152E6300ACA654 /* Debug */,
				E60D8A0724152E6300ACA654 /* Release */,
			);
			defaultConfigurationIsVisible = 0;
			defaultConfigurationName = Release;
		};
/* End XCConfigurationList section */

/* Begin XCVersionGroup section */
		E60D89DE24152E5E00ACA654 /* Yoose.xcdatamodeld */ = {
			isa = XCVersionGroup;
			children = (
				E60D89DF24152E5E00ACA654 /* Yoose.xcdatamodel */,
			);
			currentVersion = E60D89DF24152E5E00ACA654 /* Yoose.xcdatamodel */;
			path = Yoose.xcdatamodeld;
			sourceTree = "<group>";
			versionGroupType = wrapper.xcdatamodel;
		};
/* End XCVersionGroup section */
	};
	rootObject = E60D89CA24152E5E00ACA654 /* Project object */;
}
